schema: '2.0'
stages:
  preprocess:
    cmd: python scripts/preprocess.py
    deps:
    - path: data/raw/data.csv
      hash: md5
      md5: dac2ef03bf0895c4121a073d18bd9977
      size: 127787
    - path: params.yaml
      hash: md5
      md5: f2d6c9c9c46f195ac9715b61a3f89a35
      size: 120
    - path: scripts/preprocess.py
      hash: md5
      md5: 60dcd4f7b0f7480b46e7056c93bdeea9
      size: 890
    params:
      params.yaml:
        preprocess.random_state: 42
        preprocess.test_split: 0.2
    outs:
    - path: data/processed/test.csv
      hash: md5
      md5: 33fd03a13d7469cefda0e7716252ba89
      size: 26649
    - path: data/processed/train.csv
      hash: md5
      md5: e2a452c5807c7f5b511eacfb08a7ea2c
      size: 101433
  train:
    cmd: python scripts/train.py
    deps:
    - path: data/processed/train.csv
      hash: md5
      md5: e2a452c5807c7f5b511eacfb08a7ea2c
      size: 101433
    - path: params.yaml
      hash: md5
      md5: f2d6c9c9c46f195ac9715b61a3f89a35
      size: 120
    - path: scripts/train.py
      hash: md5
      md5: dc60b48f4b4898884988230998cdab7f
      size: 992
    params:
      params.yaml:
        train.max_depth: 5
        train.n_estimators: 50
        train.random_state: 42
    outs:
    - path: models/classifier.pkl
      hash: md5
      md5: f056c99b2cd8d4ff8d7fbfebe951ee8c
      size: 142811
  evaluate:
    cmd: python scripts/evaluate.py
    deps:
    - path: data/processed/test.csv
      hash: md5
      md5: 33fd03a13d7469cefda0e7716252ba89
      size: 26649
    - path: models/classifier.pkl
      hash: md5
      md5: f056c99b2cd8d4ff8d7fbfebe951ee8c
      size: 142811
    - path: scripts/evaluate.py
      hash: md5
      md5: 8105aafbbe777a2d19d9441d1196c8a7
      size: 936
    outs:
    - path: metrics/scores.json
      hash: md5
      md5: aa6d530d51c99937dfac48207adbc6fc
      size: 136
